github.com/Banner-babaner/proxytools/cache v0.0.0-20260523124042-16c143c7c53b h1:FH6PW3hzRebsHkHd122fFrlgebWavlxA7R3ZH4pTtRQ=
github.com/Banner-babaner/proxytools/cache v0.0.0-20260523124042-16c143c7c53b/go.mod h1:NqfmMGP4Xm1EebA1nZUO9qS+0kzG3YKxX5dzr87V6H8=
github.com/Banner-babaner/proxytools/ipfilter v0.0.0-20260523124042-16c143c7c53b h1:c0si00OLD0HXJIu0NGIDimnEACjui9cYfvLL6NJJdN8=
github.com/Banner-babaner/proxytools/ipfilter v0.0.0-20260523124042-16c143c7c53b/go.mod h1:KqO9JmLdVAxkMyZPW/8OyIofpXZMb0Z3Ezk2vBaPL24=
github.com/Banner-babaner/proxytools/logger v0.0.0-20260523122538-507197a725f0 h1:O1usfCw0siy90fjOBFjV7teiKA4zaNiqu47mB0Lzk1s=
github.com/Banner-babaner/proxytools/logger v0.0.0-20260523122538-507197a725f0/go.mod h1:TrHaHixdUNia+beSK6Exwpexg6oDvGnHqiPDjT3fIlA=
github.com/Banner-babaner/proxytools/monitor v0.0.0-20260523124042-16c143c7c53b h1:NsIgs67NQuDXextj2ZER/Njctp8r6d7/Bli7LoLsn6E=
github.com/Banner-babaner/proxytools/monitor v0.0.0-20260523124042-16c143c7c53b/go.mod h1:wMVOc7s9iMMCm200i163Mu8llHiD9OyiLaw7LcM5ZKU=
github.com/Banner-babaner/proxytools/ratelimit v0.0.0-20260523122538-507197a725f0 h1:i/Oydo1O+1E1/WLUA9K+67p9hlfxNenGYNjyOIlrRSs=
github.com/Banner-babaner/proxytools/ratelimit v0.0.0-20260523122538-507197a725f0/go.mod h1:tMh6Z3ZrqCDkKIIWdPmskZ+MxFD9IjNFPeQRq2OoxQU=
github.com/davecgh/go-spew v1.1.1 h1:vj9j/u1bqnvCEfJOwUhtlOARqs3+rkHYY13jYWTU97c=
github.com/davecgh/go-spew v1.1.1/go.mod h1:J7Y8YcW2NihsgmVo/mv3lAwl/skON4iLHjSsI+c5H38=
github.com/mattn/go-colorable v0.1.14 h1:9A9LHSqF/7dyVVX6g0U9cwm9pG3kP9gSzcuIPHPsaIE=
github.com/mattn/go-colorable v0.1.14/go.mod h1:6LmQG8QLFO4G5z1gPvYEzlUgJ2wF+stgPZH1UqBm1s8=
github.com/mattn/go-isatty v0.0.22 h1:j8l17JJ9i6VGPUFUYoTUKPSgKe/83EYU2zBC7YNKMw4=
github.com/mattn/go-isatty v0.0.22/go.mod h1:ZXfXG4SQHsB/w3ZeOYbR0PrPwLy+n6xiMrJlRFqopa4=
github.com/pmezard/go-difflib v1.0.0 h1:4DBwDE0NGyQoBHbLQYPwSUPoCMWR5BEzIk/f1lZbAQM=
github.com/pmezard/go-difflib v1.0.0/go.mod h1:iKH77koFhYxTK1pcRnkKkqfTogsbg7gZNVY4sRDYZ/4=
github.com/rs/zerolog v1.35.1 h1:m7xQeoiLIiV0BCEY4Hs+j2NG4Gp2o2KPKmhnnLiazKI=
github.com/rs/zerolog v1.35.1/go.mod h1:EjML9kdfa/RMA7h/6z6pYmq1ykOuA8/mjWaEvGI+jcw=
github.com/stretchr/objx v0.5.2 h1:xuMeJ0Sdp5ZMRXx/aWO6RZxdr3beISkG5/G/aIRr3pY=
github.com/stretchr/objx v0.5.2/go.mod h1:FRsXN1f5AsAjCGJKqEizvkpNtU+EGNCLh3NxZ/8L+MA=
github.com/stretchr/testify v1.11.1 h1:7s2iGBzp5EwR7/aIZr8ao5+dra3wiQyKjjFuvgVKu7U=
github.com/stretchr/testify v1.11.1/go.mod h1:wZwfW3scLgRK+23gO65QZefKpKQRnfz6sD981Nm4B6U=
golang.org/x/sys v0.44.0 h1:ildZl3J4uzeKP07r2F++Op7E9B29JRUy+a27EibtBTQ=
golang.org/x/sys v0.44.0/go.mod h1:4GL1E5IUh+htKOUEOaiffhrAeqysfVGipDYzABqnCmw=
gopkg.in/yaml.v3 v3.0.1 h1:fxVm/GzAzEWqLHuvctI91KS9hhNmmWOoWu0XTYJS7CA=
gopkg.in/yaml.v3 v3.0.1/go.mod h1:K4uyk7z7BCEPqu6E+C64Yfv1cQ7kz7rIZviUmN+EgEM=
